
Microsoft Visual Studio Solution File, Format Version 9.00
# Visual Studio 2005
Project("{8BC9CEB8-8B4A-11D0-8D11-00A0C91BC942}") = "inform631", "inform631\inform631.vcproj", "{13749724-FAEB-4C92-A7F8-7C6FE624EF05}"
EndProject
Global
	GlobalSection(SolutionConfigurationPlatforms) = preSolution
		Debug|Win32 = Debug|Win32
		Release|Win32 = Release|Win32
	EndGlobalSection
	GlobalSection(ProjectConfigurationPlatforms) = postSolution
		{13749724-FAEB-4C92-A7F8-7C6FE624EF05}.Debug|Win32.ActiveCfg = Debug|Win32
		{13749724-FAEB-4C92-A7F8-7C6FE624EF05}.Debug|Win32.Build.0 = Debug|Win32
		{13749724-FAEB-4C92-A7F8-7C6FE624EF05}.Release|Win32.ActiveCfg = Release|Win32
		{13749724-FAEB-4C92-A7F8-7C6FE624EF05}.Release|Win32.Build.0 = Release|Win32
	EndGlobalSection
	GlobalSection(SolutionProperties) = preSolution
		HideSolutionNode = FALSE
	EndGlobalSection
EndGlobal
